{
  "name": "sidebar-sdk-java",
  "version": "1.1.0",
  "lockfileVersion": 3,
  "requires": true,
  "packages": {
    "": {
      "version": "1.1.0",
      "dependencies": {
        "@acrolinx/sidebar-startpage": "^4.0.3"
      },
      "engines": {
        "node": ">=22"
      }
    },
    "node_modules/@acrolinx/sidebar-interface": {
      "version": "15.4.3",
      "resolved": "https://registry.npmjs.org/@acrolinx/sidebar-interface/-/sidebar-interface-15.4.3.tgz",
      "integrity": "sha512-q4F52qTrHM46Va/09LwzuR0YnKjQke40KKG6/Ugm4I23gEUlgT7Eb8mc6gh4FuKHnj3iJEglqwf0GA30WhEoaw==",
      "license": "Apache-2.0",
      "engines": {
        "node": ">=20"
      }
    },
    "node_modules/@acrolinx/sidebar-startpage": {
      "version": "4.0.3",
      "resolved": "https://registry.npmjs.org/@acrolinx/sidebar-startpage/-/sidebar-startpage-4.0.3.tgz",
      "integrity": "sha512-iOkQrik8JuoP16xVjYqgYXEXx8KwQwblpIbtrjEGZketmKr1R8gJoJ7g0MCfjlGZ2RQ/kc3wOJuBp1+SKlPXJg==",
      "dependencies": {
        "@acrolinx/sidebar-interface": "^15.4.3",
        "preact": "^10.26.5"
      },
      "engines": {
        "node": ">=22"
      }
    },
    "node_modules/preact": {
      "version": "10.26.5",
      "resolved": "https://registry.npmjs.org/preact/-/preact-10.26.5.tgz",
      "integrity": "sha512-fmpDkgfGU6JYux9teDWLhj9mKN55tyepwYbxHgQuIxbWQzgFg5vk7Mrrtfx7xRxq798ynkY4DDDxZr235Kk+4w==",
      "license": "MIT",
      "funding": {
        "type": "opencollective",
        "url": "https://opencollective.com/preact"
      }
    }
  }
}
