{
  "name": "sidebar-sdk-java",
  "version": "1.1.0",
  "lockfileVersion": 3,
  "requires": true,
  "packages": {
    "": {
      "version": "1.1.0",
      "dependencies": {
        "@acrolinx/sidebar-startpage": "^3.4.1"
      }
    },
    "node_modules/@acrolinx/sidebar-startpage": {
      "version": "3.4.1",
      "resolved": "https://registry.npmjs.org/@acrolinx/sidebar-startpage/-/sidebar-startpage-3.4.1.tgz",
      "integrity": "sha512-rz0n5iSq/ADHS8xLZnS/v2+LxZoya+WWokP8UrXtLdUXUXVTRWxVOe+W/bkqE/p3sHgwYpXRWrawYgMHVw3POw==",
      "dependencies": {
        "preact": "^10.5.14"
      }
    },
    "node_modules/preact": {
      "version": "10.22.1",
      "resolved": "https://registry.npmjs.org/preact/-/preact-10.22.1.tgz",
      "integrity": "sha512-jRYbDDgMpIb5LHq3hkI0bbl+l/TQ9UnkdQ0ww+lp+4MMOdqaUYdFc5qeyP+IV8FAd/2Em7drVPeKdQxsiWCf/A==",
      "funding": {
        "type": "opencollective",
        "url": "https://opencollective.com/preact"
      }
    }
  }
}
