{
  "name": "sidebar-sdk-java",
  "version": "1.0.0",
  "lockfileVersion": 2,
  "requires": true,
  "packages": {
    "": {
      "version": "1.0.0",
      "dependencies": {
        "@acrolinx/sidebar-startpage": "^3.1.0"
      }
    },
    "node_modules/@acrolinx/sidebar-startpage": {
      "version": "3.1.0",
      "resolved": "https://registry.npmjs.org/@acrolinx/sidebar-startpage/-/sidebar-startpage-3.1.0.tgz",
      "integrity": "sha512-j4TpOwiE6fmJsbRthRdxagG3ge+qeExWnw7INcIwSJkfQwpyiXDbEDTZeGv7t1aYeNxIbuDLM0bDKQOJZS6LoQ==",
      "dependencies": {
        "preact": "^10.5.14"
      }
    },
    "node_modules/preact": {
      "version": "10.5.15",
      "resolved": "https://registry.npmjs.org/preact/-/preact-10.5.15.tgz",
      "integrity": "sha512-5chK29n6QcJc3m1lVrKQSQ+V7K1Gb8HeQY6FViQ5AxCAEGu3DaHffWNDkC9+miZgsLvbvU9rxbV1qinGHMHzqA==",
      "funding": {
        "type": "opencollective",
        "url": "https://opencollective.com/preact"
      }
    }
  },
  "dependencies": {
    "@acrolinx/sidebar-startpage": {
      "version": "3.1.0",
      "resolved": "https://registry.npmjs.org/@acrolinx/sidebar-startpage/-/sidebar-startpage-3.1.0.tgz",
      "integrity": "sha512-j4TpOwiE6fmJsbRthRdxagG3ge+qeExWnw7INcIwSJkfQwpyiXDbEDTZeGv7t1aYeNxIbuDLM0bDKQOJZS6LoQ==",
      "requires": {
        "preact": "^10.5.14"
      }
    },
    "preact": {
      "version": "10.5.15",
      "resolved": "https://registry.npmjs.org/preact/-/preact-10.5.15.tgz",
      "integrity": "sha512-5chK29n6QcJc3m1lVrKQSQ+V7K1Gb8HeQY6FViQ5AxCAEGu3DaHffWNDkC9+miZgsLvbvU9rxbV1qinGHMHzqA=="
    }
  }
}
