{
  "version": "1.0.0",
  "lockfileVersion": 1,
  "requires": true,
  "dependencies": {
    "acrolinx-sidebar-startpage": {
      "version": "2.0.6",
      "resolved": "https://registry.npmjs.org/acrolinx-sidebar-startpage/-/acrolinx-sidebar-startpage-2.0.6.tgz",
      "integrity": "sha512-4g0xVhazZm2zrzz2Xgxxj4eNuFsICa0VUKyig4srfRL2qDRhCr4054460XgticO0TbfffIvlWlXrblbfgOsZww=="
    }
  }
}
