{
  "version": "1.0.0",
  "lockfileVersion": 1,
  "requires": true,
  "dependencies": {
    "acrolinx-sidebar-startpage": {
      "version": "2.0.5",
      "resolved": "https://registry.npmjs.org/acrolinx-sidebar-startpage/-/acrolinx-sidebar-startpage-2.0.5.tgz",
      "integrity": "sha512-iINcTuKtk+e2TKe2hEnOj0ZEkTbHCh1Ity9XnZ+f52nZeabtXJqNmjplED2u8z8vmEblLPmqxYBDI8gpKkWi4A=="
    }
  }
}
