{
  "version": "1.0.0",
  "lockfileVersion": 1,
  "requires": true,
  "dependencies": {
    "acrolinx-sidebar-startpage": {
      "version": "1.1.23",
      "resolved": "https://registry.npmjs.org/acrolinx-sidebar-startpage/-/acrolinx-sidebar-startpage-1.1.23.tgz",
      "integrity": "sha512-LAMCNA7iAcuIvmq64ua0pyxbiurx4BgtLzEx0zuVnXDvj0wHvPO0W0JWMReJtYeLaw9hFC+1SuswIJ1/X4F/Mg==",
      "requires": {
        "preact": "8.2.1",
        "tslib": "^1.7.1"
      }
    },
    "preact": {
      "version": "8.2.1",
      "resolved": "https://registry.npmjs.org/preact/-/preact-8.2.1.tgz",
      "integrity": "sha1-Z0JD3wyEeITQGYNARKovzTEecu0="
    },
    "tslib": {
      "version": "1.9.3",
      "resolved": "https://registry.npmjs.org/tslib/-/tslib-1.9.3.tgz",
      "integrity": "sha512-4krF8scpejhaOgqzBEcGM7yDIEfi0/8+8zDRZhNZZ2kjmHJ4hv3zCbQWxoJGz1iw5U0Jl0nma13xzHXcncMavQ=="
    }
  }
}
